[root]
name = "many_threads"
version = "0.1.0"
dependencies = [
 "num_cpus 1.6.2 (registry+https://github.com/rust-lang/crates.io-index)",
 "threadpool 1.5.0 (registry+https://github.com/rust-lang/crates.io-index)",
]

[[package]]
name = "libc"
version = "0.2.29"
source = "registry+https://github.com/rust-lang/crates.io-index"

[[package]]
name = "num_cpus"
version = "1.6.2"
source = "registry+https://github.com/rust-lang/crates.io-index"
dependencies = [
 "libc 0.2.29 (registry+https://github.com/rust-lang/crates.io-index)",
]

[[package]]
name = "threadpool"
version = "1.5.0"
source = "registry+https://github.com/rust-lang/crates.io-index"
dependencies = [
 "num_cpus 1.6.2 (registry+https://github.com/rust-lang/crates.io-index)",
]

[metadata]
"checksum libc 0.2.29 (registry+https://github.com/rust-lang/crates.io-index)" = "8a014d9226c2cc402676fbe9ea2e15dd5222cd1dd57f576b5b283178c944a264"
"checksum num_cpus 1.6.2 (registry+https://github.com/rust-lang/crates.io-index)" = "aec53c34f2d0247c5ca5d32cca1478762f301740468ee9ee6dcb7a0dd7a0c584"
"checksum threadpool 1.5.0 (registry+https://github.com/rust-lang/crates.io-index)" = "cd329bef8c4b6c60ce9f0b4e12813feb0f1b71b16cc56dc9773be77e3b8d9294"
